# release	source repository@commit (git tag v<release>)
1.16.0	opentelemetry-specification@791f463964c9
1.17.0	opentelemetry-specification@025f8fc1a12d
1.18.0	opentelemetry-specification@84a5fa3d1ef4
1.19.0	opentelemetry-specification@91463125c726
1.20.0	opentelemetry-specification@855d80c93ffc
1.21.0	semantic-conventions@e53154102599
1.22.0	semantic-conventions@cadfe5394926
1.23.0	semantic-conventions@da1dbb567f0f
1.23.1	semantic-conventions@73720582560b
1.24.0	semantic-conventions@cafda7127683
1.25.0	semantic-conventions@f1be1511d917
1.26.0	semantic-conventions@9adff435c76e
1.27.0	semantic-conventions@01c542ccacd8
1.28.0	semantic-conventions@96f8bda9bab3
1.29.0	semantic-conventions@0edb9e2b42e3
1.30.0	semantic-conventions@ac424df0d09f
1.31.0	semantic-conventions@c01aa89d9a13
1.32.0	semantic-conventions@6814d83dac7e
1.33.0	semantic-conventions@9e993af31e53
1.34.0	semantic-conventions@e96d8de9e807
1.35.0	semantic-conventions@a49772867937
1.36.0	semantic-conventions@4b2c0e6544d7
1.37.0	semantic-conventions@aec6e9d3e867
1.38.0	semantic-conventions@8e16df7981f9
1.39.0	semantic-conventions@6d05e92070f0
1.40.0	semantic-conventions@7fe537301d17
1.41.0	semantic-conventions@e018fe6f9186
1.41.1	semantic-conventions@ead83b9b0fa3
1.42.0	semantic-conventions@ae3a98640194
1.43.0	semantic-conventions@89aae438b3b3
1.44.0	semantic-conventions@e10a930844c6
